// !$*UTF8*$!
{
	archiveVersion = 1;
	classes = {
	};
	objectVersion = 46;
	objects = {

/* Begin PBXBuildFile section */
		249D6C5819017B3200595288 /* Foundation.framework in Frameworks */ = {isa = PBXBuildFile; fileRef = 249D6C5719017B3200595288 /* Foundation.framework */; };
		249D6C5A19017B3200595288 /* CoreGraphics.framework in Frameworks */ = {isa = PBXBuildFile; fileRef = 249D6C5919017B3200595288 /* CoreGraphics.framework */; };
		249D6C5C19017B3200595288 /* UIKit.framework in Frameworks */ = {isa = PBXBuildFile; fileRef = 249D6C5B19017B3200595288 /* UIKit.framework */; };
		249D6C6219017B3200595288 /* InfoPlist.strings in Resources */ = {isa = PBXBuildFile; fileRef = 249D6C6019017B3200595288 /* InfoPlist.strings */; };
		249D6C6419017B3200595288 /* main.m in Sources */ = {isa = PBXBuildFile; fileRef = 249D6C6319017B3200595288 /* main.m */; };
		249D6C6819017B3200595288 /* flashTimerAppDelegate.m in Sources */ = {isa = PBXBuildFile; fileRef = 249D6C6719017B3200595288 /* flashTimerAppDelegate.m */; };
		249D6C6B19017B3200595288 /* Main_iPhone.storyboard in Resources */ = {isa = PBXBuildFile; fileRef = 249D6C6919017B3200595288 /* Main_iPhone.storyboard */; };
		249D6C6E19017B3200595288 /* Main_iPad.storyboard in Resources */ = {isa = PBXBuildFile; fileRef = 249D6C6C19017B3200595288 /* Main_iPad.storyboard */; };
		249D6C7119017B3200595288 /* flashTimerViewController.m in Sources */ = {isa = PBXBuildFile; fileRef = 249D6C7019017B3200595288 /* flashTimerViewController.m */; };
		249D6C7319017B3200595288 /* Images.xcassets in Resources */ = {isa = PBXBuildFile; fileRef = 249D6C7219017B3200595288 /* Images.xcassets */; };
		249D6C7A19017B3200595288 /* XCTest.framework in Frameworks */ = {isa = PBXBuildFile; fileRef = 249D6C7919017B3200595288 /* XCTest.framework */; };
		249D6C7B19017B3200595288 /* Foundation.framework in Frameworks */ = {isa = PBXBuildFile; fileRef = 249D6C5719017B3200595288 /* Foundation.framework */; };
		249D6C7C19017B3200595288 /* UIKit.framework in Frameworks */ = {isa = PBXBuildFile; fileRef = 249D6C5B19017B3200595288 /* UIKit.framework */; };
		249D6C8419017B3200595288 /* InfoPlist.strings in Resources */ = {isa = PBXBuildFile; fileRef = 249D6C8219017B3200595288 /* InfoPlist.strings */; };
		249D6C8619017B3200595288 /* FlashTimerTests.m in Sources */ = {isa = PBXBuildFile; fileRef = 249D6C8519017B3200595288 /* FlashTimerTests.m */; };
/* End PBXBuildFile section */

/* Begin PBXContainerItemProxy section */
		249D6C7D19017B3200595288 /* PBXContainerItemProxy */ = {
			isa = PBXContainerItemProxy;
			containerPortal = 249D6C4C19017B3200595288 /* Project object */;
			proxyType = 1;
			remoteGlobalIDString = 249D6C5319017B3200595288;
			remoteInfo = FlashTimer;
		};
/* End PBXContainerItemProxy section */

/* Begin PBXFileReference section */
		249D6C5419017B3200595288 /* FlashTimer.app */ = {isa = PBXFileReference; explicitFileType = wrapper.application; includeInIndex = 0; path = FlashTimer.app; sourceTree = BUILT_PRODUCTS_DIR; };
		249D6C5719017B3200595288 /* Foundation.framework */ = {isa = PBXFileReference; lastKnownFileType = wrapper.framework; name = Foundation.framework; path = System/Library/Frameworks/Foundation.framework; sourceTree = SDKROOT; };
		249D6C5919017B3200595288 /* CoreGraphics.framework */ = {isa = PBXFileReference; lastKnownFileType = wrapper.framework; name = CoreGraphics.framework; path = System/Library/Frameworks/CoreGraphics.framework; sourceTree = SDKROOT; };
		249D6C5B19017B3200595288 /* UIKit.framework */ = {isa = PBXFileReference; lastKnownFileType = wrapper.framework; name = UIKit.framework; path = System/Library/Frameworks/UIKit.framework; sourceTree = SDKROOT; };
		249D6C5F19017B3200595288 /* FlashTimer-Info.plist */ = {isa = PBXFileReference; lastKnownFileType = text.plist.xml; path = "FlashTimer-Info.plist"; sourceTree = "<group>"; };
		249D6C6119017B3200595288 /* en */ = {isa = PBXFileReference; lastKnownFileType = text.plist.strings; name = en; path = en.lproj/InfoPlist.strings; sourceTree = "<group>"; };
		249D6C6319017B3200595288 /* main.m */ = {isa = PBXFileReference; lastKnownFileType = sourcecode.c.objc; path = main.m; sourceTree = "<group>"; };
		249D6C6519017B3200595288 /* FlashTimer-Prefix.pch */ = {isa = PBXFileReference; lastKnownFileType = sourcecode.c.h; path = "FlashTimer-Prefix.pch"; sourceTree = "<group>"; };
		249D6C6619017B3200595288 /* flashTimerAppDelegate.h */ = {isa = PBXFileReference; lastKnownFileType = sourcecode.c.h; path = flashTimerAppDelegate.h; sourceTree = "<group>"; };
		249D6C6719017B3200595288 /* flashTimerAppDelegate.m */ = {isa = PBXFileReference; lastKnownFileType = sourcecode.c.objc; path = flashTimerAppDelegate.m; sourceTree = "<group>"; };
		249D6C6A19017B3200595288 /* Base */ = {isa = PBXFileReference; lastKnownFileType = file.storyboard; name = Base; path = Base.lproj/Main_iPhone.storyboard; sourceTree = "<group>"; };
		249D6C6D19017B3200595288 /* Base */ = {isa = PBXFileReference; lastKnownFileType = file.storyboard; name = Base; path = Base.lproj/Main_iPad.storyboard; sourceTree = "<group>"; };
		249D6C6F19017B3200595288 /* flashTimerViewController.h */ = {isa = PBXFileReference; lastKnownFileType = sourcecode.c.h; path = flashTimerViewController.h; sourceTree = "<group>"; };
		249D6C7019017B3200595288 /* flashTimerViewController.m */ = {isa = PBXFileReference; lastKnownFileType = sourcecode.c.objc; path = flashTimerViewController.m; sourceTree = "<group>"; };
		249D6C7219017B3200595288 /* Images.xcassets */ = {isa = PBXFileReference; lastKnownFileType = folder.assetcatalog; path = Images.xcassets; sourceTree = "<group>"; };
		249D6C7819017B3200595288 /* FlashTimerTests.xctest */ = {isa = PBXFileReference; explicitFileType = wrapper.cfbundle; includeInIndex = 0; path = FlashTimerTests.xctest; sourceTree = BUILT_PRODUCTS_DIR; };
		249D6C7919017B3200595288 /* XCTest.framework */ = {isa = PBXFileReference; lastKnownFileType = wrapper.framework; name = XCTest.framework; path = Library/Frameworks/XCTest.framework; sourceTree = DEVELOPER_DIR; };
		249D6C8119017B3200595288 /* FlashTimerTests-Info.plist */ = {isa = PBXFileReference; lastKnownFileType = text.plist.xml; path = "FlashTimerTests-Info.plist"; sourceTree = "<group>"; };
		249D6C8319017B3200595288 /* en */ = {isa = PBXFileReference; lastKnownFileType = text.plist.strings; name = en; path = en.lproj/InfoPlist.strings; sourceTree = "<group>"; };
		249D6C8519017B3200595288 /* FlashTimerTests.m */ = {isa = PBXFileReference; lastKnownFileType = sourcecode.c.objc; path = FlashTimerTests.m; sourceTree = "<group>"; };
/* End PBXFileReference section */

/* Begin PBXFrameworksBuildPhase section */
		249D6C5119017B3200595288 /* Frameworks */ = {
			isa = PBXFrameworksBuildPhase;
			buildActionMask = 2147483647;
			files = (
				249D6C5A19017B3200595288 /* CoreGraphics.framework in Frameworks */,
				249D6C5C19017B3200595288 /* UIKit.framework in Frameworks */,
				249D6C5819017B3200595288 /* Foundation.framework in Frameworks */,
			);
			runOnlyForDeploymentPostprocessing = 0;
		};
		249D6C7519017B3200595288 /* Frameworks */ = {
			isa = PBXFrameworksBuildPhase;
			buildActionMask = 2147483647;
			files = (
				249D6C7A19017B3200595288 /* XCTest.framework in Frameworks */,
				249D6C7C19017B3200595288 /* UIKit.framework in Frameworks */,
				249D6C7B19017B3200595288 /* Foundation.framework in Frameworks */,
			);
			runOnlyForDeploymentPostprocessing = 0;
		};
/* End PBXFrameworksBuildPhase section */

/* Begin PBXGroup section */
		249D6C4B19017B3200595288 = {
			isa = PBXGroup;
			children = (
				249D6C5D19017B3200595288 /* FlashTimer */,
				249D6C7F19017B3200595288 /* FlashTimerTests */,
				249D6C5619017B3200595288 /* Frameworks */,
				249D6C5519017B3200595288 /* Products */,
			);
			sourceTree = "<group>";
		};
		249D6C5519017B3200595288 /* Products */ = {
			isa = PBXGroup;
			children = (
				249D6C5419017B3200595288 /* FlashTimer.app */,
				249D6C7819017B3200595288 /* FlashTimerTests.xctest */,
			);
			name = Products;
			sourceTree = "<group>";
		};
		249D6C5619017B3200595288 /* Frameworks */ = {
			isa = PBXGroup;
			children = (
				249D6C5719017B3200595288 /* Foundation.framework */,
				249D6C5919017B3200595288 /* CoreGraphics.framework */,
				249D6C5B19017B3200595288 /* UIKit.framework */,
				249D6C7919017B3200595288 /* XCTest.framework */,
			);
			name = Frameworks;
			sourceTree = "<group>";
		};
		249D6C5D19017B3200595288 /* FlashTimer */ = {
			isa = PBXGroup;
			children = (
				249D6C6619017B3200595288 /* flashTimerAppDelegate.h */,
				249D6C6719017B3200595288 /* flashTimerAppDelegate.m */,
				249D6C6919017B3200595288 /* Main_iPhone.storyboard */,
				249D6C6C19017B3200595288 /* Main_iPad.storyboard */,
				249D6C6F19017B3200595288 /* flashTimerViewController.h */,
				249D6C7019017B3200595288 /* flashTimerViewController.m */,
				249D6C7219017B3200595288 /* Images.xcassets */,
				249D6C5E19017B3200595288 /* Supporting Files */,
			);
			path = FlashTimer;
			sourceTree = "<group>";
		};
		249D6C5E19017B3200595288 /* Supporting Files */ = {
			isa = PBXGroup;
			children = (
				249D6C5F19017B3200595288 /* FlashTimer-Info.plist */,
				249D6C6019017B3200595288 /* InfoPlist.strings */,
				249D6C6319017B3200595288 /* main.m */,
				249D6C6519017B3200595288 /* FlashTimer-Prefix.pch */,
			);
			name = "Supporting Files";
			sourceTree = "<group>";
		};
		249D6C7F19017B3200595288 /* FlashTimerTests */ = {
			isa = PBXGroup;
			children = (
				249D6C8519017B3200595288 /* FlashTimerTests.m */,
				249D6C8019017B3200595288 /* Supporting Files */,
			);
			path = FlashTimerTests;
			sourceTree = "<group>";
		};
		249D6C8019017B3200595288 /* Supporting Files */ = {
			isa = PBXGroup;
			children = (
				249D6C8119017B3200595288 /* FlashTimerTests-Info.plist */,
				249D6C8219017B3200595288 /* InfoPlist.strings */,
			);
			name = "Supporting Files";
			sourceTree = "<group>";
		};
/* End PBXGroup section */

/* Begin PBXNativeTarget section */
		249D6C5319017B3200595288 /* FlashTimer */ = {
			isa = PBXNativeTarget;
			buildConfigurationList = 249D6C8919017B3200595288 /* Build configuration list for PBXNativeTarget "FlashTimer" */;
			buildPhases = (
				249D6C5019017B3200595288 /* Sources */,
				249D6C5119017B3200595288 /* Frameworks */,
				249D6C5219017B3200595288 /* Resources */,
			);
			buildRules = (
			);
			dependencies = (
			);
			name = FlashTimer;
			productName = FlashTimer;
			productReference = 249D6C5419017B3200595288 /* FlashTimer.app */;
			productType = "com.apple.product-type.application";
		};
		249D6C7719017B3200595288 /* FlashTimerTests */ = {
			isa = PBXNativeTarget;
			buildConfigurationList = 249D6C8C19017B3200595288 /* Build configuration list for PBXNativeTarget "FlashTimerTests" */;
			buildPhases = (
				249D6C7419017B3200595288 /* Sources */,
				249D6C7519017B3200595288 /* Frameworks */,
				249D6C7619017B3200595288 /* Resources */,
			);
			buildRules = (
			);
			dependencies = (
				249D6C7E19017B3200595288 /* PBXTargetDependency */,
			);
			name = FlashTimerTests;
			productName = FlashTimerTests;
			productReference = 249D6C7819017B3200595288 /* FlashTimerTests.xctest */;
			productType = "com.apple.product-type.bundle.unit-test";
		};
/* End PBXNativeTarget section */

/* Begin PBXProject section */
		249D6C4C19017B3200595288 /* Project object */ = {
			isa = PBXProject;
			attributes = {
				CLASSPREFIX = flashTimer;
				LastUpgradeCheck = 0510;
				ORGANIZATIONNAME = DCHS;
				TargetAttributes = {
					249D6C7719017B3200595288 = {
						TestTargetID = 249D6C5319017B3200595288;
					};
				};
			};
			buildConfigurationList = 249D6C4F19017B3200595288 /* Build configuration list for PBXProject "FlashTimer" */;
			compatibilityVersion = "Xcode 3.2";
			developmentRegion = English;
			hasScannedForEncodings = 0;
			knownRegions = (
				en,
				Base,
			);
			mainGroup = 249D6C4B19017B3200595288;
			productRefGroup = 249D6C5519017B3200595288 /* Products */;
			projectDirPath = "";
			projectRoot = "";
			targets = (
				249D6C5319017B3200595288 /* FlashTimer */,
				249D6C7719017B3200595288 /* FlashTimerTests */,
			);
		};
/* End PBXProject section */

/* Begin PBXResourcesBuildPhase section */
		249D6C5219017B3200595288 /* Resources */ = {
			isa = PBXResourcesBuildPhase;
			buildActionMask = 2147483647;
			files = (
				249D6C6E19017B3200595288 /* Main_iPad.storyboard in Resources */,
				249D6C7319017B3200595288 /* Images.xcassets in Resources */,
				249D6C6B19017B3200595288 /* Main_iPhone.storyboard in Resources */,
				249D6C6219017B3200595288 /* InfoPlist.strings in Resources */,
			);
			runOnlyForDeploymentPostprocessing = 0;
		};
		249D6C7619017B3200595288 /* Resources */ = {
			isa = PBXResourcesBuildPhase;
			buildActionMask = 2147483647;
			files = (
				249D6C8419017B3200595288 /* InfoPlist.strings in Resources */,
			);
			runOnlyForDeploymentPostprocessing = 0;
		};
/* End PBXResourcesBuildPhase section */

/* Begin PBXSourcesBuildPhase section */
		249D6C5019017B3200595288 /* Sources */ = {
			isa = PBXSourcesBuildPhase;
			buildActionMask = 2147483647;
			files = (
				249D6C6419017B3200595288 /* main.m in Sources */,
				249D6C6819017B3200595288 /* flashTimerAppDelegate.m in Sources */,
				249D6C7119017B3200595288 /* flashTimerViewController.m in Sources */,
			);
			runOnlyForDeploymentPostprocessing = 0;
		};
		249D6C7419017B3200595288 /* Sources */ = {
			isa = PBXSourcesBuildPhase;
			buildActionMask = 2147483647;
			files = (
				249D6C8619017B3200595288 /* FlashTimerTests.m in Sources */,
			);
			runOnlyForDeploymentPostprocessing = 0;
		};
/* End PBXSourcesBuildPhase section */

/* Begin PBXTargetDependency section */
		249D6C7E19017B3200595288 /* PBXTargetDependency */ = {
			isa = PBXTargetDependency;
			target = 249D6C5319017B3200595288 /* FlashTimer */;
			targetProxy = 249D6C7D19017B3200595288 /* PBXContainerItemProxy */;
		};
/* End PBXTargetDependency section */

/* Begin PBXVariantGroup section */
		249D6C6019017B3200595288 /* InfoPlist.strings */ = {
			isa = PBXVariantGroup;
			children = (
				249D6C6119017B3200595288 /* en */,
			);
			name = InfoPlist.strings;
			sourceTree = "<group>";
		};
		249D6C6919017B3200595288 /* Main_iPhone.storyboard */ = {
			isa = PBXVariantGroup;
			children = (
				249D6C6A19017B3200595288 /* Base */,
			);
			name = Main_iPhone.storyboard;
			sourceTree = "<group>";
		};
		249D6C6C19017B3200595288 /* Main_iPad.storyboard */ = {
			isa = PBXVariantGroup;
			children = (
				249D6C6D19017B3200595288 /* Base */,
			);
			name = Main_iPad.storyboard;
			sourceTree = "<group>";
		};
		249D6C8219017B3200595288 /* InfoPlist.strings */ = {
			isa = PBXVariantGroup;
			children = (
				249D6C8319017B3200595288 /* en */,
			);
			name = InfoPlist.strings;
			sourceTree = "<group>";
		};
/* End PBXVariantGroup section */

/* Begin XCBuildConfiguration section */
		249D6C8719017B3200595288 /* Debug */ = {
			isa = XCBuildConfiguration;
			buildSettings = {
				ALWAYS_SEARCH_USER_PATHS = NO;
				CLANG_CXX_LANGUAGE_STANDARD = "gnu++0x";
				CLANG_CXX_LIBRARY = "libc++";
				CLANG_ENABLE_MODULES = YES;
				CLANG_ENABLE_OBJC_ARC = YES;
				CLANG_WARN_BOOL_CONVERSION = YES;
				CLANG_WARN_CONSTANT_CONVERSION = YES;
				CLANG_WARN_DIRECT_OBJC_ISA_USAGE = YES_ERROR;
				CLANG_WARN_EMPTY_BODY = YES;
				CLANG_WARN_ENUM_CONVERSION = YES;
				CLANG_WARN_INT_CONVERSION = YES;
				CLANG_WARN_OBJC_ROOT_CLASS = YES_ERROR;
				CLANG_WARN__DUPLICATE_METHOD_MATCH = YES;
				"CODE_SIGN_IDENTITY[sdk=iphoneos*]" = "iPhone Developer";
				COPY_PHASE_STRIP = NO;
				GCC_C_LANGUAGE_STANDARD = gnu99;
				GCC_DYNAMIC_NO_PIC = NO;
				GCC_OPTIMIZATION_LEVEL = 0;
				GCC_PREPROCESSOR_DEFINITIONS = (
					"DEBUG=1",
					"$(inherited)",
				);
				GCC_SYMBOLS_PRIVATE_EXTERN = NO;
				GCC_WARN_64_TO_32_BIT_CONVERSION = YES;
				GCC_WARN_ABOUT_RETURN_TYPE = YES_ERROR;
				GCC_WARN_UNDECLARED_SELECTOR = YES;
				GCC_WARN_UNINITIALIZED_AUTOS = YES_AGGRESSIVE;
				GCC_WARN_UNUSED_FUNCTION = YES;
				GCC_WARN_UNUSED_VARIABLE = YES;
				IPHONEOS_DEPLOYMENT_TARGET = 7.1;
				ONLY_ACTIVE_ARCH = YES;
				SDKROOT = iphoneos;
				TARGETED_DEVICE_FAMILY = "1,2";
			};
			name = Debug;
		};
		249D6C8819017B3200595288 /* Release */ = {
			isa = XCBuildConfiguration;
			buildSettings = {
				ALWAYS_SEARCH_USER_PATHS = NO;
				CLANG_CXX_LANGUAGE_STANDARD = "gnu++0x";
				CLANG_CXX_LIBRARY = "libc++";
				CLANG_ENABLE_MODULES = YES;
				CLANG_ENABLE_OBJC_ARC = YES;
				CLANG_WARN_BOOL_CONVERSION = YES;
				CLANG_WARN_CONSTANT_CONVERSION = YES;
				CLANG_WARN_DIRECT_OBJC_ISA_USAGE = YES_ERROR;
				CLANG_WARN_EMPTY_BODY = YES;
				CLANG_WARN_ENUM_CONVERSION = YES;
				CLANG_WARN_INT_CONVERSION = YES;
				CLANG_WARN_OBJC_ROOT_CLASS = YES_ERROR;
				CLANG_WARN__DUPLICATE_METHOD_MATCH = YES;
				"CODE_SIGN_IDENTITY[sdk=iphoneos*]" = "iPhone Developer";
				COPY_PHASE_STRIP = YES;
				ENABLE_NS_ASSERTIONS = NO;
				GCC_C_LANGUAGE_STANDARD = gnu99;
				GCC_WARN_64_TO_32_BIT_CONVERSION = YES;
				GCC_WARN_ABOUT_RETURN_TYPE = YES_ERROR;
				GCC_WARN_UNDECLARED_SELECTOR = YES;
				GCC_WARN_UNINITIALIZED_AUTOS = YES_AGGRESSIVE;
				GCC_WARN_UNUSED_FUNCTION = YES;
				GCC_WARN_UNUSED_VARIABLE = YES;
				IPHONEOS_DEPLOYMENT_TARGET = 7.1;
				SDKROOT = iphoneos;
				TARGETED_DEVICE_FAMILY = "1,2";
				VALIDATE_PRODUCT = YES;
			};
			name = Release;
		};
		249D6C8A19017B3200595288 /* Debug */ = {
			isa = XCBuildConfiguration;
			buildSettings = {
				ASSETCATALOG_COMPILER_APPICON_NAME = AppIcon;
				ASSETCATALOG_COMPILER_LAUNCHIMAGE_NAME = LaunchImage;
				GCC_PRECOMPILE_PREFIX_HEADER = YES;
				GCC_PREFIX_HEADER = "FlashTimer/FlashTimer-Prefix.pch";
				INFOPLIST_FILE = "FlashTimer/FlashTimer-Info.plist";
				PRODUCT_NAME = "$(TARGET_NAME)";
				WRAPPER_EXTENSION = app;
			};
			name = Debug;
		};
		249D6C8B19017B3200595288 /* Release */ = {
			isa = XCBuildConfiguration;
			buildSettings = {
				ASSETCATALOG_COMPILER_APPICON_NAME = AppIcon;
				ASSETCATALOG_COMPILER_LAUNCHIMAGE_NAME = LaunchImage;
				GCC_PRECOMPILE_PREFIX_HEADER = YES;
				GCC_PREFIX_HEADER = "FlashTimer/FlashTimer-Prefix.pch";
				INFOPLIST_FILE = "FlashTimer/FlashTimer-Info.plist";
				PRODUCT_NAME = "$(TARGET_NAME)";
				WRAPPER_EXTENSION = app;
			};
			name = Release;
		};
		249D6C8D19017B3200595288 /* Debug */ = {
			isa = XCBuildConfiguration;
			buildSettings = {
				BUNDLE_LOADER = "$(BUILT_PRODUCTS_DIR)/FlashTimer.app/FlashTimer";
				FRAMEWORK_SEARCH_PATHS = (
					"$(SDKROOT)/Developer/Library/Frameworks",
					"$(inherited)",
					"$(DEVELOPER_FRAMEWORKS_DIR)",
				);
				GCC_PRECOMPILE_PREFIX_HEADER = YES;
				GCC_PREFIX_HEADER = "FlashTimer/FlashTimer-Prefix.pch";
				GCC_PREPROCESSOR_DEFINITIONS = (
					"DEBUG=1",
					"$(inherited)",
				);
				INFOPLIST_FILE = "FlashTimerTests/FlashTimerTests-Info.plist";
				PRODUCT_NAME = "$(TARGET_NAME)";
				TEST_HOST = "$(BUNDLE_LOADER)";
				WRAPPER_EXTENSION = xctest;
			};
			name = Debug;
		};
		249D6C8E19017B3200595288 /* Release */ = {
			isa = XCBuildConfiguration;
			buildSettings = {
				BUNDLE_LOADER = "$(BUILT_PRODUCTS_DIR)/FlashTimer.app/FlashTimer";
				FRAMEWORK_SEARCH_PATHS = (
					"$(SDKROOT)/Developer/Library/Frameworks",
					"$(inherited)",
					"$(DEVELOPER_FRAMEWORKS_DIR)",
				);
				GCC_PRECOMPILE_PREFIX_HEADER = YES;
				GCC_PREFIX_HEADER = "FlashTimer/FlashTimer-Prefix.pch";
				INFOPLIST_FILE = "FlashTimerTests/FlashTimerTests-Info.plist";
				PRODUCT_NAME = "$(TARGET_NAME)";
				TEST_HOST = "$(BUNDLE_LOADER)";
				WRAPPER_EXTENSION = xctest;
			};
			name = Release;
		};
/* End XCBuildConfiguration section */

/* Begin XCConfigurationList section */
		249D6C4F19017B3200595288 /* Build configuration list for PBXProject "FlashTimer" */ = {
			isa = XCConfigurationList;
			buildConfigurations = (
				249D6C8719017B3200595288 /* Debug */,
				249D6C8819017B3200595288 /* Release */,
			);
			defaultConfigurationIsVisible = 0;
			defaultConfigurationName = Release;
		};
		249D6C8919017B3200595288 /* Build configuration list for PBXNativeTarget "FlashTimer" */ = {
			isa = XCConfigurationList;
			buildConfigurations = (
				249D6C8A19017B3200595288 /* Debug */,
				249D6C8B19017B3200595288 /* Release */,
			);
			defaultConfigurationIsVisible = 0;
		};
		249D6C8C19017B3200595288 /* Build configuration list for PBXNativeTarget "FlashTimerTests" */ = {
			isa = XCConfigurationList;
			buildConfigurations = (
				249D6C8D19017B3200595288 /* Debug */,
				249D6C8E19017B3200595288 /* Release */,
			);
			defaultConfigurationIsVisible = 0;
		};
/* End XCConfigurationList section */
	};
	rootObject = 249D6C4C19017B3200595288 /* Project object */;
}
